
Microsoft Visual Studio Solution File, Format Version 12.00
# Visual Studio 15
VisualStudioVersion = 15.0.28307.489
MinimumVisualStudioVersion = 10.0.40219.1
Project("{FAE04EC0-301F-11D3-BF4B-00C04F79EFBC}") = "WindowsFormsApp1", "WindowsFormsApp1\WindowsFormsApp1.csproj", "{DCC415EC-439F-425C-8189-B9D5E512DA31}"
EndProject
Global
	GlobalSection(SolutionConfigurationPlatforms) = preSolution
		Debug|Any CPU = Debug|Any CPU
		Release|Any CPU = Release|Any CPU
	EndGlobalSection
	GlobalSection(ProjectConfigurationPlatforms) = postSolution
		{DCC415EC-439F-425C-8189-B9D5E512DA31}.Debug|Any CPU.ActiveCfg = Debug|Any CPU
		{DCC415EC-439F-425C-8189-B9D5E512DA31}.Debug|Any CPU.Build.0 = Debug|Any CPU
		{DCC415EC-439F-425C-8189-B9D5E512DA31}.Release|Any CPU.ActiveCfg = Release|Any CPU
		{DCC415EC-439F-425C-8189-B9D5E512DA31}.Release|Any CPU.Build.0 = Release|Any CPU
	EndGlobalSection
	GlobalSection(SolutionProperties) = preSolution
		HideSolutionNode = FALSE
	EndGlobalSection
	GlobalSection(ExtensibilityGlobals) = postSolution
		SolutionGuid = {76164698-F551-47A6-8750-9731F2C1F051}
	EndGlobalSection
EndGlobal
